
Microsoft Visual Studio Solution File, Format Version 12.00
# Visual Studio 15
Project("{FAE04EC0-301F-11D3-BF4B-00C04F79EFBC}") = "Christmas Mobile Game", "Christmas Mobile Game.csproj", "{4B59899E-750A-0FA0-BF00-5546BB329683}"
EndProject
Project("{FAE04EC0-301F-11D3-BF4B-00C04F79EFBC}") = "Christmas Mobile Game.Plugins", "Christmas Mobile Game.Plugins.csproj", "{8110C2A9-C7C6-88A3-8A79-126E7A1D0329}"
EndProject
Project("{FAE04EC0-301F-11D3-BF4B-00C04F79EFBC}") = "Christmas Mobile Game.Editor.Plugins", "Christmas Mobile Game.Editor.Plugins.csproj", "{8BD62F99-EEF4-04AF-B40F-5CD0CD9E9530}"
EndProject
Global
	GlobalSection(SolutionConfigurationPlatforms) = preSolution
		Debug|Any CPU = Debug|Any CPU
		Release|Any CPU = Release|Any CPU
	EndGlobalSection
	GlobalSection(ProjectConfigurationPlatforms) = postSolution
		{4B59899E-750A-0FA0-BF00-5546BB329683}.Debug|Any CPU.ActiveCfg = Debug|Any CPU
		{4B59899E-750A-0FA0-BF00-5546BB329683}.Debug|Any CPU.Build.0 = Debug|Any CPU
		{4B59899E-750A-0FA0-BF00-5546BB329683}.Release|Any CPU.ActiveCfg = Release|Any CPU
		{4B59899E-750A-0FA0-BF00-5546BB329683}.Release|Any CPU.Build.0 = Release|Any CPU
		{8110C2A9-C7C6-88A3-8A79-126E7A1D0329}.Debug|Any CPU.ActiveCfg = Debug|Any CPU
		{8110C2A9-C7C6-88A3-8A79-126E7A1D0329}.Debug|Any CPU.Build.0 = Debug|Any CPU
		{8110C2A9-C7C6-88A3-8A79-126E7A1D0329}.Release|Any CPU.ActiveCfg = Release|Any CPU
		{8110C2A9-C7C6-88A3-8A79-126E7A1D0329}.Release|Any CPU.Build.0 = Release|Any CPU
		{8BD62F99-EEF4-04AF-B40F-5CD0CD9E9530}.Debug|Any CPU.ActiveCfg = Debug|Any CPU
		{8BD62F99-EEF4-04AF-B40F-5CD0CD9E9530}.Debug|Any CPU.Build.0 = Debug|Any CPU
		{8BD62F99-EEF4-04AF-B40F-5CD0CD9E9530}.Release|Any CPU.ActiveCfg = Release|Any CPU
		{8BD62F99-EEF4-04AF-B40F-5CD0CD9E9530}.Release|Any CPU.Build.0 = Release|Any CPU
	EndGlobalSection
	GlobalSection(SolutionProperties) = preSolution
		HideSolutionNode = FALSE
	EndGlobalSection
EndGlobal
